<?xml version="1.0" encoding="utf-8"?>
<Project ToolsVersion="4.0" xmlns="http://schemas.microsoft.com/developer/msbuild/2003">
  <ItemGroup>
    <ClInclude Include="glext.h">
      <Filter>Header</Filter>
    </ClInclude>
    <ClInclude Include="Framebuffer.h">
      <Filter>Header</Filter>
    </ClInclude>
    <ClInclude Include="Vector3.h">
      <Filter>Header</Filter>
    </ClInclude>
    <ClInclude Include="Scene.h">
      <Filter>Header</Filter>
    </ClInclude>
    <ClInclude Include="Matrix3.h">
      <Filter>Header</Filter>
    </ClInclude>
    <ClInclude Include="GUI.h">
      <Filter>Header</Filter>
    </ClInclude>
  </ItemGroup>
  <ItemGroup>
    <None Include="gui.fl" />
  </ItemGroup>
  <ItemGroup>
    <Filter Include="Source">
      <UniqueIdentifier>{db6d0a21-16d3-4791-bcea-feb7b82c55a9}</UniqueIdentifier>
    </Filter>
    <Filter Include="Header">
      <UniqueIdentifier>{414ed4ce-b782-4c1a-aaa3-bfd6498c3eae}</UniqueIdentifier>
    </Filter>
  </ItemGroup>
  <ItemGroup>
    <ClCompile Include="Framebuffer.cpp">
      <Filter>Source</Filter>
    </ClCompile>
    <ClCompile Include="GUI.cpp">
      <Filter>Source</Filter>
    </ClCompile>
    <ClCompile Include="Vector3.cpp">
      <Filter>Source</Filter>
    </ClCompile>
    <ClCompile Include="Scene.cpp">
      <Filter>Source</Filter>
    </ClCompile>
    <ClCompile Include="Matrix3.cpp">
      <Filter>Source</Filter>
    </ClCompile>
  </ItemGroup>
</Project>